// !$*UTF8*$!
{
	archiveVersion = 1;
	classes = {
	};
	objectVersion = 50;
	objects = {

/* Begin PBXBuildFile section */
		79015B942527F64C00034171 /* AppDelegate.swift in Sources */ = {isa = PBXBuildFile; fileRef = 79015B932527F64C00034171 /* AppDelegate.swift */; };
		79015B962527F64C00034171 /* SceneDelegate.swift in Sources */ = {isa = PBXBuildFile; fileRef = 79015B952527F64C00034171 /* SceneDelegate.swift */; };
		79015B9B2527F64C00034171 /* Main.storyboard in Resources */ = {isa = PBXBuildFile; fileRef = 79015B992527F64C00034171 /* Main.storyboard */; };
		79015B9D2527F64D00034171 /* Assets.xcassets in Resources */ = {isa = PBXBuildFile; fileRef = 79015B9C2527F64D00034171 /* Assets.xcassets */; };
		79015BA02527F64D00034171 /* LaunchScreen.storyboard in Resources */ = {isa = PBXBuildFile; fileRef = 79015B9E2527F64D00034171 /* LaunchScreen.storyboard */; };
		79015BAB2527F64D00034171 /* ColorsTests.swift in Sources */ = {isa = PBXBuildFile; fileRef = 79015BAA2527F64D00034171 /* ColorsTests.swift */; };
		79015BB62527F64D00034171 /* ColorsUITests.swift in Sources */ = {isa = PBXBuildFile; fileRef = 79015BB52527F64D00034171 /* ColorsUITests.swift */; };
		79015BCA2527F67600034171 /* ColorsViewController.swift in Sources */ = {isa = PBXBuildFile; fileRef = 79015BC92527F67600034171 /* ColorsViewController.swift */; };
		7938ECF1253A43C8007265F7 /* Color.swift in Sources */ = {isa = PBXBuildFile; fileRef = 7938ECF0253A43C8007265F7 /* Color.swift */; };
/* End PBXBuildFile section */

/* Begin PBXContainerItemProxy section */
		79015BA72527F64D00034171 /* PBXContainerItemProxy */ = {
			isa = PBXContainerItemProxy;
			containerPortal = 79015B882527F64C00034171 /* Project object */;
			proxyType = 1;
			remoteGlobalIDString = 79015B8F2527F64C00034171;
			remoteInfo = Colors;
		};
		79015BB22527F64D00034171 /* PBXContainerItemProxy */ = {
			isa = PBXContainerItemProxy;
			containerPortal = 79015B882527F64C00034171 /* Project object */;
			proxyType = 1;
			remoteGlobalIDString = 79015B8F2527F64C00034171;
			remoteInfo = Colors;
		};
/* End PBXContainerItemProxy section */

/* Begin PBXFileReference section */
		79015B902527F64C00034171 /* Colors.app */ = {isa = PBXFileReference; explicitFileType = wrapper.application; includeInIndex = 0; path = Colors.app; sourceTree = BUILT_PRODUCTS_DIR; };
		79015B932527F64C00034171 /* AppDelegate.swift */ = {isa = PBXFileReference; lastKnownFileType = sourcecode.swift; path = AppDelegate.swift; sourceTree = "<group>"; };
		79015B952527F64C00034171 /* SceneDelegate.swift */ = {isa = PBXFileReference; lastKnownFileType = sourcecode.swift; path = SceneDelegate.swift; sourceTree = "<group>"; };
		79015B9A2527F64C00034171 /* Base */ = {isa = PBXFileReference; lastKnownFileType = file.storyboard; name = Base; path = Base.lproj/Main.storyboard; sourceTree = "<group>"; };
		79015B9C2527F64D00034171 /* Assets.xcassets */ = {isa = PBXFileReference; lastKnownFileType = folder.assetcatalog; path = Assets.xcassets; sourceTree = "<group>"; };
		79015B9F2527F64D00034171 /* Base */ = {isa = PBXFileReference; lastKnownFileType = file.storyboard; name = Base; path = Base.lproj/LaunchScreen.storyboard; sourceTree = "<group>"; };
		79015BA12527F64D00034171 /* Info.plist */ = {isa = PBXFileReference; lastKnownFileType = text.plist.xml; path = Info.plist; sourceTree = "<group>"; };
		79015BA62527F64D00034171 /* ColorsTests.xctest */ = {isa = PBXFileReference; explicitFileType = wrapper.cfbundle; includeInIndex = 0; path = ColorsTests.xctest; sourceTree = BUILT_PRODUCTS_DIR; };
		79015BAA2527F64D00034171 /* ColorsTests.swift */ = {isa = PBXFileReference; lastKnownFileType = sourcecode.swift; path = ColorsTests.swift; sourceTree = "<group>"; };
		79015BAC2527F64D00034171 /* Info.plist */ = {isa = PBXFileReference; lastKnownFileType = text.plist.xml; path = Info.plist; sourceTree = "<group>"; };
		79015BB12527F64D00034171 /* ColorsUITests.xctest */ = {isa = PBXFileReference; explicitFileType = wrapper.cfbundle; includeInIndex = 0; path = ColorsUITests.xctest; sourceTree = BUILT_PRODUCTS_DIR; };
		79015BB52527F64D00034171 /* ColorsUITests.swift */ = {isa = PBXFileReference; lastKnownFileType = sourcecode.swift; path = ColorsUITests.swift; sourceTree = "<group>"; };
		79015BB72527F64D00034171 /* Info.plist */ = {isa = PBXFileReference; lastKnownFileType = text.plist.xml; path = Info.plist; sourceTree = "<group>"; };
		79015BC92527F67600034171 /* ColorsViewController.swift */ = {isa = PBXFileReference; lastKnownFileType = sourcecode.swift; path = ColorsViewController.swift; sourceTree = "<group>"; };
		7938ECF0253A43C8007265F7 /* Color.swift */ = {isa = PBXFileReference; lastKnownFileType = sourcecode.swift; path = Color.swift; sourceTree = "<group>"; };
/* End PBXFileReference section */

/* Begin PBXFrameworksBuildPhase section */
		79015B8D2527F64C00034171 /* Frameworks */ = {
			isa = PBXFrameworksBuildPhase;
			buildActionMask = 2147483647;
			files = (
			);
			runOnlyForDeploymentPostprocessing = 0;
		};
		79015BA32527F64D00034171 /* Frameworks */ = {
			isa = PBXFrameworksBuildPhase;
			buildActionMask = 2147483647;
			files = (
			);
			runOnlyForDeploymentPostprocessing = 0;
		};
		79015BAE2527F64D00034171 /* Frameworks */ = {
			isa = PBXFrameworksBuildPhase;
			buildActionMask = 2147483647;
			files = (
			);
			runOnlyForDeploymentPostprocessing = 0;
		};
/* End PBXFrameworksBuildPhase section */

/* Begin PBXGroup section */
		79015B872527F64C00034171 = {
			isa = PBXGroup;
			children = (
				79015B922527F64C00034171 /* Colors */,
				79015BA92527F64D00034171 /* ColorsTests */,
				79015BB42527F64D00034171 /* ColorsUITests */,
				79015B912527F64C00034171 /* Products */,
			);
			sourceTree = "<group>";
		};
		79015B912527F64C00034171 /* Products */ = {
			isa = PBXGroup;
			children = (
				79015B902527F64C00034171 /* Colors.app */,
				79015BA62527F64D00034171 /* ColorsTests.xctest */,
				79015BB12527F64D00034171 /* ColorsUITests.xctest */,
			);
			name = Products;
			sourceTree = "<group>";
		};
		79015B922527F64C00034171 /* Colors */ = {
			isa = PBXGroup;
			children = (
				79015B932527F64C00034171 /* AppDelegate.swift */,
				7938ECF0253A43C8007265F7 /* Color.swift */,
				79015B952527F64C00034171 /* SceneDelegate.swift */,
				79015B992527F64C00034171 /* Main.storyboard */,
				79015B9C2527F64D00034171 /* Assets.xcassets */,
				79015B9E2527F64D00034171 /* LaunchScreen.storyboard */,
				79015BA12527F64D00034171 /* Info.plist */,
				79015BC92527F67600034171 /* ColorsViewController.swift */,
			);
			path = Colors;
			sourceTree = "<group>";
		};
		79015BA92527F64D00034171 /* ColorsTests */ = {
			isa = PBXGroup;
			children = (
				79015BAA2527F64D00034171 /* ColorsTests.swift */,
				79015BAC2527F64D00034171 /* Info.plist */,
			);
			path = ColorsTests;
			sourceTree = "<group>";
		};
		79015BB42527F64D00034171 /* ColorsUITests */ = {
			isa = PBXGroup;
			children = (
				79015BB52527F64D00034171 /* ColorsUITests.swift */,
				79015BB72527F64D00034171 /* Info.plist */,
			);
			path = ColorsUITests;
			sourceTree = "<group>";
		};
/* End PBXGroup section */

/* Begin PBXNativeTarget section */
		79015B8F2527F64C00034171 /* Colors */ = {
			isa = PBXNativeTarget;
			buildConfigurationList = 79015BBA2527F64D00034171 /* Build configuration list for PBXNativeTarget "Colors" */;
			buildPhases = (
				79015B8C2527F64C00034171 /* Sources */,
				79015B8D2527F64C00034171 /* Frameworks */,
				79015B8E2527F64C00034171 /* Resources */,
			);
			buildRules = (
			);
			dependencies = (
			);
			name = Colors;
			productName = Colors;
			productReference = 79015B902527F64C00034171 /* Colors.app */;
			productType = "com.apple.product-type.application";
		};
		79015BA52527F64D00034171 /* ColorsTests */ = {
			isa = PBXNativeTarget;
			buildConfigurationList = 79015BBD2527F64D00034171 /* Build configuration list for PBXNativeTarget "ColorsTests" */;
			buildPhases = (
				79015BA22527F64D00034171 /* Sources */,
				79015BA32527F64D00034171 /* Frameworks */,
				79015BA42527F64D00034171 /* Resources */,
			);
			buildRules = (
			);
			dependencies = (
				79015BA82527F64D00034171 /* PBXTargetDependency */,
			);
			name = ColorsTests;
			productName = ColorsTests;
			productReference = 79015BA62527F64D00034171 /* ColorsTests.xctest */;
			productType = "com.apple.product-type.bundle.unit-test";
		};
		79015BB02527F64D00034171 /* ColorsUITests */ = {
			isa = PBXNativeTarget;
			buildConfigurationList = 79015BC02527F64D00034171 /* Build configuration list for PBXNativeTarget "ColorsUITests" */;
			buildPhases = (
				79015BAD2527F64D00034171 /* Sources */,
				79015BAE2527F64D00034171 /* Frameworks */,
				79015BAF2527F64D00034171 /* Resources */,
			);
			buildRules = (
			);
			dependencies = (
				79015BB32527F64D00034171 /* PBXTargetDependency */,
			);
			name = ColorsUITests;
			productName = ColorsUITests;
			productReference = 79015BB12527F64D00034171 /* ColorsUITests.xctest */;
			productType = "com.apple.product-type.bundle.ui-testing";
		};
/* End PBXNativeTarget section */

/* Begin PBXProject section */
		79015B882527F64C00034171 /* Project object */ = {
			isa = PBXProject;
			attributes = {
				LastSwiftUpdateCheck = 1200;
				LastUpgradeCheck = 1200;
				TargetAttributes = {
					79015B8F2527F64C00034171 = {
						CreatedOnToolsVersion = 12.0.1;
					};
					79015BA52527F64D00034171 = {
						CreatedOnToolsVersion = 12.0.1;
						TestTargetID = 79015B8F2527F64C00034171;
					};
					79015BB02527F64D00034171 = {
						CreatedOnToolsVersion = 12.0.1;
						TestTargetID = 79015B8F2527F64C00034171;
					};
				};
			};
			buildConfigurationList = 79015B8B2527F64C00034171 /* Build configuration list for PBXProject "Colors" */;
			compatibilityVersion = "Xcode 9.3";
			developmentRegion = en;
			hasScannedForEncodings = 0;
			knownRegions = (
				en,
				Base,
			);
			mainGroup = 79015B872527F64C00034171;
			productRefGroup = 79015B912527F64C00034171 /* Products */;
			projectDirPath = "";
			projectRoot = "";
			targets = (
				79015B8F2527F64C00034171 /* Colors */,
				79015BA52527F64D00034171 /* ColorsTests */,
				79015BB02527F64D00034171 /* ColorsUITests */,
			);
		};
/* End PBXProject section */

/* Begin PBXResourcesBuildPhase section */
		79015B8E2527F64C00034171 /* Resources */ = {
			isa = PBXResourcesBuildPhase;
			buildActionMask = 2147483647;
			files = (
				79015BA02527F64D00034171 /* LaunchScreen.storyboard in Resources */,
				79015B9D2527F64D00034171 /* Assets.xcassets in Resources */,
				79015B9B2527F64C00034171 /* Main.storyboard in Resources */,
			);
			runOnlyForDeploymentPostprocessing = 0;
		};
		79015BA42527F64D00034171 /* Resources */ = {
			isa = PBXResourcesBuildPhase;
			buildActionMask = 2147483647;
			files = (
			);
			runOnlyForDeploymentPostprocessing = 0;
		};
		79015BAF2527F64D00034171 /* Resources */ = {
			isa = PBXResourcesBuildPhase;
			buildActionMask = 2147483647;
			files = (
			);
			runOnlyForDeploymentPostprocessing = 0;
		};
/* End PBXResourcesBuildPhase section */

/* Begin PBXSourcesBuildPhase section */
		79015B8C2527F64C00034171 /* Sources */ = {
			isa = PBXSourcesBuildPhase;
			buildActionMask = 2147483647;
			files = (
				79015B942527F64C00034171 /* AppDelegate.swift in Sources */,
				7938ECF1253A43C8007265F7 /* Color.swift in Sources */,
				79015BCA2527F67600034171 /* ColorsViewController.swift in Sources */,
				79015B962527F64C00034171 /* SceneDelegate.swift in Sources */,
			);
			runOnlyForDeploymentPostprocessing = 0;
		};
		79015BA22527F64D00034171 /* Sources */ = {
			isa = PBXSourcesBuildPhase;
			buildActionMask = 2147483647;
			files = (
				79015BAB2527F64D00034171 /* ColorsTests.swift in Sources */,
			);
			runOnlyForDeploymentPostprocessing = 0;
		};
		79015BAD2527F64D00034171 /* Sources */ = {
			isa = PBXSourcesBuildPhase;
			buildActionMask = 2147483647;
			files = (
				79015BB62527F64D00034171 /* ColorsUITests.swift in Sources */,
			);
			runOnlyForDeploymentPostprocessing = 0;
		};
/* End PBXSourcesBuildPhase section */

/* Begin PBXTargetDependency section */
		79015BA82527F64D00034171 /* PBXTargetDependency */ = {
			isa = PBXTargetDependency;
			target = 79015B8F2527F64C00034171 /* Colors */;
			targetProxy = 79015BA72527F64D00034171 /* PBXContainerItemProxy */;
		};
		79015BB32527F64D00034171 /* PBXTargetDependency */ = {
			isa = PBXTargetDependency;
			target = 79015B8F2527F64C00034171 /* Colors */;
			targetProxy = 79015BB22527F64D00034171 /* PBXContainerItemProxy */;
		};
/* End PBXTargetDependency section */

/* Begin PBXVariantGroup section */
		79015B992527F64C00034171 /* Main.storyboard */ = {
			isa = PBXVariantGroup;
			children = (
				79015B9A2527F64C00034171 /* Base */,
			);
			name = Main.storyboard;
			sourceTree = "<group>";
		};
		79015B9E2527F64D00034171 /* LaunchScreen.storyboard */ = {
			isa = PBXVariantGroup;
			children = (
				79015B9F2527F64D00034171 /* Base */,
			);
			name = LaunchScreen.storyboard;
			sourceTree = "<group>";
		};
/* End PBXVariantGroup section */

/* Begin XCBuildConfiguration section */
		79015BB82527F64D00034171 /* Debug */ = {
			isa = XCBuildConfiguration;
			buildSettings = {
				ALWAYS_SEARCH_USER_PATHS = NO;
				CLANG_ANALYZER_NONNULL = YES;
				CLANG_ANALYZER_NUMBER_OBJECT_CONVERSION = YES_AGGRESSIVE;
				CLANG_CXX_LANGUAGE_STANDARD = "gnu++14";
				CLANG_CXX_LIBRARY = "libc++";
				CLANG_ENABLE_MODULES = YES;
				CLANG_ENABLE_OBJC_ARC = YES;
				CLANG_ENABLE_OBJC_WEAK = YES;
				CLANG_WARN_BLOCK_CAPTURE_AUTORELEASING = YES;
				CLANG_WARN_BOOL_CONVERSION = YES;
				CLANG_WARN_COMMA = YES;
				CLANG_WARN_CONSTANT_CONVERSION = YES;
				CLANG_WARN_DEPRECATED_OBJC_IMPLEMENTATIONS = YES;
				CLANG_WARN_DIRECT_OBJC_ISA_USAGE = YES_ERROR;
				CLANG_WARN_DOCUMENTATION_COMMENTS = YES;
				CLANG_WARN_EMPTY_BODY = YES;
				CLANG_WARN_ENUM_CONVERSION = YES;
				CLANG_WARN_INFINITE_RECURSION = YES;
				CLANG_WARN_INT_CONVERSION = YES;
				CLANG_WARN_NON_LITERAL_NULL_CONVERSION = YES;
				CLANG_WARN_OBJC_IMPLICIT_RETAIN_SELF = YES;
				CLANG_WARN_OBJC_LITERAL_CONVERSION = YES;
				CLANG_WARN_OBJC_ROOT_CLASS = YES_ERROR;
				CLANG_WARN_QUOTED_INCLUDE_IN_FRAMEWORK_HEADER = YES;
				CLANG_WARN_RANGE_LOOP_ANALYSIS = YES;
				CLANG_WARN_STRICT_PROTOTYPES = YES;
				CLANG_WARN_SUSPICIOUS_MOVE = YES;
				CLANG_WARN_UNGUARDED_AVAILABILITY = YES_AGGRESSIVE;
				CLANG_WARN_UNREACHABLE_CODE = YES;
				CLANG_WARN__DUPLICATE_METHOD_MATCH = YES;
				COPY_PHASE_STRIP = NO;
				DEBUG_INFORMATION_FORMAT = dwarf;
				ENABLE_STRICT_OBJC_MSGSEND = YES;
				ENABLE_TESTABILITY = YES;
				GCC_C_LANGUAGE_STANDARD = gnu11;
				GCC_DYNAMIC_NO_PIC = NO;
				GCC_NO_COMMON_BLOCKS = YES;
				GCC_OPTIMIZATION_LEVEL = 0;
				GCC_PREPROCESSOR_DEFINITIONS = (
					"DEBUG=1",
					"$(inherited)",
				);
				GCC_WARN_64_TO_32_BIT_CONVERSION = YES;
				GCC_WARN_ABOUT_RETURN_TYPE = YES_ERROR;
				GCC_WARN_UNDECLARED_SELECTOR = YES;
				GCC_WARN_UNINITIALIZED_AUTOS = YES_AGGRESSIVE;
				GCC_WARN_UNUSED_FUNCTION = YES;
				GCC_WARN_UNUSED_VARIABLE = YES;
				IPHONEOS_DEPLOYMENT_TARGET = 14.0;
				MTL_ENABLE_DEBUG_INFO = INCLUDE_SOURCE;
				MTL_FAST_MATH = YES;
				ONLY_ACTIVE_ARCH = YES;
				SDKROOT = iphoneos;
				SWIFT_ACTIVE_COMPILATION_CONDITIONS = DEBUG;
				SWIFT_OPTIMIZATION_LEVEL = "-Onone";
			};
			name = Debug;
		};
		79015BB92527F64D00034171 /* Release */ = {
			isa = XCBuildConfiguration;
			buildSettings = {
				ALWAYS_SEARCH_USER_PATHS = NO;
				CLANG_ANALYZER_NONNULL = YES;
				CLANG_ANALYZER_NUMBER_OBJECT_CONVERSION = YES_AGGRESSIVE;
				CLANG_CXX_LANGUAGE_STANDARD = "gnu++14";
				CLANG_CXX_LIBRARY = "libc++";
				CLANG_ENABLE_MODULES = YES;
				CLANG_ENABLE_OBJC_ARC = YES;
				CLANG_ENABLE_OBJC_WEAK = YES;
				CLANG_WARN_BLOCK_CAPTURE_AUTORELEASING = YES;
				CLANG_WARN_BOOL_CONVERSION = YES;
				CLANG_WARN_COMMA = YES;
				CLANG_WARN_CONSTANT_CONVERSION = YES;
				CLANG_WARN_DEPRECATED_OBJC_IMPLEMENTATIONS = YES;
				CLANG_WARN_DIRECT_OBJC_ISA_USAGE = YES_ERROR;
				CLANG_WARN_DOCUMENTATION_COMMENTS = YES;
				CLANG_WARN_EMPTY_BODY = YES;
				CLANG_WARN_ENUM_CONVERSION = YES;
				CLANG_WARN_INFINITE_RECURSION = YES;
				CLANG_WARN_INT_CONVERSION = YES;
				CLANG_WARN_NON_LITERAL_NULL_CONVERSION = YES;
				CLANG_WARN_OBJC_IMPLICIT_RETAIN_SELF = YES;
				CLANG_WARN_OBJC_LITERAL_CONVERSION = YES;
				CLANG_WARN_OBJC_ROOT_CLASS = YES_ERROR;
				CLANG_WARN_QUOTED_INCLUDE_IN_FRAMEWORK_HEADER = YES;
				CLANG_WARN_RANGE_LOOP_ANALYSIS = YES;
				CLANG_WARN_STRICT_PROTOTYPES = YES;
				CLANG_WARN_SUSPICIOUS_MOVE = YES;
				CLANG_WARN_UNGUARDED_AVAILABILITY = YES_AGGRESSIVE;
				CLANG_WARN_UNREACHABLE_CODE = YES;
				CLANG_WARN__DUPLICATE_METHOD_MATCH = YES;
				COPY_PHASE_STRIP = NO;
				DEBUG_INFORMATION_FORMAT = "dwarf-with-dsym";
				ENABLE_NS_ASSERTIONS = NO;
				ENABLE_STRICT_OBJC_MSGSEND = YES;
				GCC_C_LANGUAGE_STANDARD = gnu11;
				GCC_NO_COMMON_BLOCKS = YES;
				GCC_WARN_64_TO_32_BIT_CONVERSION = YES;
				GCC_WARN_ABOUT_RETURN_TYPE = YES_ERROR;
				GCC_WARN_UNDECLARED_SELECTOR = YES;
				GCC_WARN_UNINITIALIZED_AUTOS = YES_AGGRESSIVE;
				GCC_WARN_UNUSED_FUNCTION = YES;
				GCC_WARN_UNUSED_VARIABLE = YES;
				IPHONEOS_DEPLOYMENT_TARGET = 14.0;
				MTL_ENABLE_DEBUG_INFO = NO;
				MTL_FAST_MATH = YES;
				SDKROOT = iphoneos;
				SWIFT_COMPILATION_MODE = wholemodule;
				SWIFT_OPTIMIZATION_LEVEL = "-O";
				VALIDATE_PRODUCT = YES;
			};
			name = Release;
		};
		79015BBB2527F64D00034171 /* Debug */ = {
			isa = XCBuildConfiguration;
			buildSettings = {
				ASSETCATALOG_COMPILER_APPICON_NAME = AppIcon;
				ASSETCATALOG_COMPILER_GLOBAL_ACCENT_COLOR_NAME = AccentColor;
				CODE_SIGN_STYLE = Automatic;
				DEVELOPMENT_TEAM = 9U38R292UF;
				INFOPLIST_FILE = Colors/Info.plist;
				LD_RUNPATH_SEARCH_PATHS = (
					"$(inherited)",
					"@executable_path/Frameworks",
				);
				PRODUCT_BUNDLE_IDENTIFIER = AB.Colors;
				PRODUCT_NAME = "$(TARGET_NAME)";
				SWIFT_VERSION = 5.0;
				TARGETED_DEVICE_FAMILY = "1,2";
			};
			name = Debug;
		};
		79015BBC2527F64D00034171 /* Release */ = {
			isa = XCBuildConfiguration;
			buildSettings = {
				ASSETCATALOG_COMPILER_APPICON_NAME = AppIcon;
				ASSETCATALOG_COMPILER_GLOBAL_ACCENT_COLOR_NAME = AccentColor;
				CODE_SIGN_STYLE = Automatic;
				DEVELOPMENT_TEAM = 9U38R292UF;
				INFOPLIST_FILE = Colors/Info.plist;
				LD_RUNPATH_SEARCH_PATHS = (
					"$(inherited)",
					"@executable_path/Frameworks",
				);
				PRODUCT_BUNDLE_IDENTIFIER = AB.Colors;
				PRODUCT_NAME = "$(TARGET_NAME)";
				SWIFT_VERSION = 5.0;
				TARGETED_DEVICE_FAMILY = "1,2";
			};
			name = Release;
		};
		79015BBE2527F64D00034171 /* Debug */ = {
			isa = XCBuildConfiguration;
			buildSettings = {
				ALWAYS_EMBED_SWIFT_STANDARD_LIBRARIES = YES;
				BUNDLE_LOADER = "$(TEST_HOST)";
				CODE_SIGN_STYLE = Automatic;
				DEVELOPMENT_TEAM = 9U38R292UF;
				INFOPLIST_FILE = ColorsTests/Info.plist;
				IPHONEOS_DEPLOYMENT_TARGET = 14.0;
				LD_RUNPATH_SEARCH_PATHS = (
					"$(inherited)",
					"@executable_path/Frameworks",
					"@loader_path/Frameworks",
				);
				PRODUCT_BUNDLE_IDENTIFIER = AB.ColorsTests;
				PRODUCT_NAME = "$(TARGET_NAME)";
				SWIFT_VERSION = 5.0;
				TARGETED_DEVICE_FAMILY = "1,2";
				TEST_HOST = "$(BUILT_PRODUCTS_DIR)/Colors.app/Colors";
			};
			name = Debug;
		};
		79015BBF2527F64D00034171 /* Release */ = {
			isa = XCBuildConfiguration;
			buildSettings = {
				ALWAYS_EMBED_SWIFT_STANDARD_LIBRARIES = YES;
				BUNDLE_LOADER = "$(TEST_HOST)";
				CODE_SIGN_STYLE = Automatic;
				DEVELOPMENT_TEAM = 9U38R292UF;
				INFOPLIST_FILE = ColorsTests/Info.plist;
				IPHONEOS_DEPLOYMENT_TARGET = 14.0;
				LD_RUNPATH_SEARCH_PATHS = (
					"$(inherited)",
					"@executable_path/Frameworks",
					"@loader_path/Frameworks",
				);
				PRODUCT_BUNDLE_IDENTIFIER = AB.ColorsTests;
				PRODUCT_NAME = "$(TARGET_NAME)";
				SWIFT_VERSION = 5.0;
				TARGETED_DEVICE_FAMILY = "1,2";
				TEST_HOST = "$(BUILT_PRODUCTS_DIR)/Colors.app/Colors";
			};
			name = Release;
		};
		79015BC12527F64D00034171 /* Debug */ = {
			isa = XCBuildConfiguration;
			buildSettings = {
				ALWAYS_EMBED_SWIFT_STANDARD_LIBRARIES = YES;
				CODE_SIGN_STYLE = Automatic;
				DEVELOPMENT_TEAM = 9U38R292UF;
				INFOPLIST_FILE = ColorsUITests/Info.plist;
				LD_RUNPATH_SEARCH_PATHS = (
					"$(inherited)",
					"@executable_path/Frameworks",
					"@loader_path/Frameworks",
				);
				PRODUCT_BUNDLE_IDENTIFIER = AB.ColorsUITests;
				PRODUCT_NAME = "$(TARGET_NAME)";
				SWIFT_VERSION = 5.0;
				TARGETED_DEVICE_FAMILY = "1,2";
				TEST_TARGET_NAME = Colors;
			};
			name = Debug;
		};
		79015BC22527F64D00034171 /* Release */ = {
			isa = XCBuildConfiguration;
			buildSettings = {
				ALWAYS_EMBED_SWIFT_STANDARD_LIBRARIES = YES;
				CODE_SIGN_STYLE = Automatic;
				DEVELOPMENT_TEAM = 9U38R292UF;
				INFOPLIST_FILE = ColorsUITests/Info.plist;
				LD_RUNPATH_SEARCH_PATHS = (
					"$(inherited)",
					"@executable_path/Frameworks",
					"@loader_path/Frameworks",
				);
				PRODUCT_BUNDLE_IDENTIFIER = AB.ColorsUITests;
				PRODUCT_NAME = "$(TARGET_NAME)";
				SWIFT_VERSION = 5.0;
				TARGETED_DEVICE_FAMILY = "1,2";
				TEST_TARGET_NAME = Colors;
			};
			name = Release;
		};
/* End XCBuildConfiguration section */

/* Begin XCConfigurationList section */
		79015B8B2527F64C00034171 /* Build configuration list for PBXProject "Colors" */ = {
			isa = XCConfigurationList;
			buildConfigurations = (
				79015BB82527F64D00034171 /* Debug */,
				79015BB92527F64D00034171 /* Release */,
			);
			defaultConfigurationIsVisible = 0;
			defaultConfigurationName = Release;
		};
		79015BBA2527F64D00034171 /* Build configuration list for PBXNativeTarget "Colors" */ = {
			isa = XCConfigurationList;
			buildConfigurations = (
				79015BBB2527F64D00034171 /* Debug */,
				79015BBC2527F64D00034171 /* Release */,
			);
			defaultConfigurationIsVisible = 0;
			defaultConfigurationName = Release;
		};
		79015BBD2527F64D00034171 /* Build configuration list for PBXNativeTarget "ColorsTests" */ = {
			isa = XCConfigurationList;
			buildConfigurations = (
				79015BBE2527F64D00034171 /* Debug */,
				79015BBF2527F64D00034171 /* Release */,
			);
			defaultConfigurationIsVisible = 0;
			defaultConfigurationName = Release;
		};
		79015BC02527F64D00034171 /* Build configuration list for PBXNativeTarget "ColorsUITests" */ = {
			isa = XCConfigurationList;
			buildConfigurations = (
				79015BC12527F64D00034171 /* Debug */,
				79015BC22527F64D00034171 /* Release */,
			);
			defaultConfigurationIsVisible = 0;
			defaultConfigurationName = Release;
		};
/* End XCConfigurationList section */
	};
	rootObject = 79015B882527F64C00034171 /* Project object */;
}
